schema: '2.0'
stages:
  data_ingestion:
    cmd: python src\data\data_ingestion.py
    deps:
    - path: src\data\data_ingestion.py
      hash: md5
      md5: 186c35481ce12ceb2f177a9c70d117fd
      size: 2875
    params:
      params.yaml:
        data_ingation.test_size: 0.2
    outs:
    - path: data/raw
      hash: md5
      md5: 9a53f66f52022e1aee157feea8b1cc29.dir
      size: 1006158
      nfiles: 2
  data_train_processesing:
    cmd: python src\data\data_preporcessing.py
    deps:
    - path: data/raw
      hash: md5
      md5: 9a53f66f52022e1aee157feea8b1cc29.dir
      size: 1006158
      nfiles: 2
    - path: src\data\data_preporcessing.py
      hash: md5
      md5: 900c982602ea18afb1174d0240672baa
      size: 5532
    outs:
    - path: data/processed
      hash: md5
      md5: 95d0670588363426e242efa63db07f6c.dir
      size: 679298
      nfiles: 2
  feature_engineering:
    cmd: python src\features\feature_engineering.py
    deps:
    - path: data/processed
      hash: md5
      md5: 95d0670588363426e242efa63db07f6c.dir
      size: 679298
      nfiles: 2
    - path: src\features\feature_engineering.py
      hash: md5
      md5: c293734c962d4a685f697215c6b5a066
      size: 4633
    params:
      params.yaml:
        feature_engineering.max_features: 50
    outs:
    - path: data/features
      hash: md5
      md5: 5c3791935daf2dfdaa7f59285abfa30a.dir
      size: 3010731
      nfiles: 2
  model_buliding:
    cmd: python src\model\model_building.py
    deps:
    - path: data/features
      hash: md5
      md5: 5c3791935daf2dfdaa7f59285abfa30a.dir
      size: 3010731
      nfiles: 2
    - path: src\model\model_building.py
      hash: md5
      md5: c1dc4132b65db914c7e40fb38d3df969
      size: 3896
    params:
      params.yaml:
        model_building.learning_rate: 0.6
        model_building.n_estimators: 100
    outs:
    - path: data/gradient_boosting_model.pkl
      hash: md5
      md5: 95e498838a4461f93910e8b183257be8
      size: 186152
  model_evaluation:
    cmd: python src\model\model_evaluvarion.py
    deps:
    - path: data/gradient_boosting_model.pkl
      hash: md5
      md5: 95e498838a4461f93910e8b183257be8
      size: 186152
    - path: src\model\model_evaluvarion.py
      hash: md5
      md5: 45b15e373730c509cd6688a61c21e83f
      size: 3682
    outs:
    - path: metrics.json
      hash: md5
      md5: 62e131fb62b28a841c911ebe06b2cbc7
      size: 149
